// !$*UTF8*$!
{
	archiveVersion = 1;
	classes = {
	};
	objectVersion = 50;
	objects = {

/* Begin PBXBuildFile section */
		805B1EB5261169A4008ABBB8 /* AppDelegate.swift in Sources */ = {isa = PBXBuildFile; fileRef = 805B1EB4261169A4008ABBB8 /* AppDelegate.swift */; };
		805B1EB7261169A4008ABBB8 /* SceneDelegate.swift in Sources */ = {isa = PBXBuildFile; fileRef = 805B1EB6261169A4008ABBB8 /* SceneDelegate.swift */; };
		805B1EB9261169A4008ABBB8 /* ViewController.swift in Sources */ = {isa = PBXBuildFile; fileRef = 805B1EB8261169A4008ABBB8 /* ViewController.swift */; };
		805B1EBC261169A4008ABBB8 /* Main.storyboard in Resources */ = {isa = PBXBuildFile; fileRef = 805B1EBA261169A4008ABBB8 /* Main.storyboard */; };
		805B1EBE261169A8008ABBB8 /* Assets.xcassets in Resources */ = {isa = PBXBuildFile; fileRef = 805B1EBD261169A8008ABBB8 /* Assets.xcassets */; };
		805B1EC1261169A8008ABBB8 /* LaunchScreen.storyboard in Resources */ = {isa = PBXBuildFile; fileRef = 805B1EBF261169A8008ABBB8 /* LaunchScreen.storyboard */; };
		805B1ECA26126356008ABBB8 /* SimonSays.swift in Sources */ = {isa = PBXBuildFile; fileRef = 805B1EC926126356008ABBB8 /* SimonSays.swift */; };
		805B1ECD26126364008ABBB8 /* Button.swift in Sources */ = {isa = PBXBuildFile; fileRef = 805B1ECC26126364008ABBB8 /* Button.swift */; };
		805B1ED026126577008ABBB8 /* Extensions.swift in Sources */ = {isa = PBXBuildFile; fileRef = 805B1ECF26126577008ABBB8 /* Extensions.swift */; };
		805B1EDA26126610008ABBB8 /* GameView.swift in Sources */ = {isa = PBXBuildFile; fileRef = 805B1ED926126610008ABBB8 /* GameView.swift */; };
/* End PBXBuildFile section */

/* Begin PBXFileReference section */
		805B1EB1261169A4008ABBB8 /* SimonSays.app */ = {isa = PBXFileReference; explicitFileType = wrapper.application; includeInIndex = 0; path = SimonSays.app; sourceTree = BUILT_PRODUCTS_DIR; };
		805B1EB4261169A4008ABBB8 /* AppDelegate.swift */ = {isa = PBXFileReference; lastKnownFileType = sourcecode.swift; path = AppDelegate.swift; sourceTree = "<group>"; };
		805B1EB6261169A4008ABBB8 /* SceneDelegate.swift */ = {isa = PBXFileReference; lastKnownFileType = sourcecode.swift; path = SceneDelegate.swift; sourceTree = "<group>"; };
		805B1EB8261169A4008ABBB8 /* ViewController.swift */ = {isa = PBXFileReference; lastKnownFileType = sourcecode.swift; path = ViewController.swift; sourceTree = "<group>"; };
		805B1EBB261169A4008ABBB8 /* Base */ = {isa = PBXFileReference; lastKnownFileType = file.storyboard; name = Base; path = Base.lproj/Main.storyboard; sourceTree = "<group>"; };
		805B1EBD261169A8008ABBB8 /* Assets.xcassets */ = {isa = PBXFileReference; lastKnownFileType = folder.assetcatalog; path = Assets.xcassets; sourceTree = "<group>"; };
		805B1EC0261169A8008ABBB8 /* Base */ = {isa = PBXFileReference; lastKnownFileType = file.storyboard; name = Base; path = Base.lproj/LaunchScreen.storyboard; sourceTree = "<group>"; };
		805B1EC2261169A8008ABBB8 /* Info.plist */ = {isa = PBXFileReference; lastKnownFileType = text.plist.xml; path = Info.plist; sourceTree = "<group>"; };
		805B1EC926126356008ABBB8 /* SimonSays.swift */ = {isa = PBXFileReference; lastKnownFileType = sourcecode.swift; path = SimonSays.swift; sourceTree = "<group>"; };
		805B1ECC26126364008ABBB8 /* Button.swift */ = {isa = PBXFileReference; lastKnownFileType = sourcecode.swift; path = Button.swift; sourceTree = "<group>"; };
		805B1ECF26126577008ABBB8 /* Extensions.swift */ = {isa = PBXFileReference; lastKnownFileType = sourcecode.swift; path = Extensions.swift; sourceTree = "<group>"; };
		805B1ED926126610008ABBB8 /* GameView.swift */ = {isa = PBXFileReference; lastKnownFileType = sourcecode.swift; path = GameView.swift; sourceTree = "<group>"; };
/* End PBXFileReference section */

/* Begin PBXFrameworksBuildPhase section */
		805B1EAE261169A4008ABBB8 /* Frameworks */ = {
			isa = PBXFrameworksBuildPhase;
			buildActionMask = 2147483647;
			files = (
			);
			runOnlyForDeploymentPostprocessing = 0;
		};
/* End PBXFrameworksBuildPhase section */

/* Begin PBXGroup section */
		805B1EA8261169A4008ABBB8 = {
			isa = PBXGroup;
			children = (
				805B1EB3261169A4008ABBB8 /* SimonSays */,
				805B1EB2261169A4008ABBB8 /* Products */,
			);
			sourceTree = "<group>";
		};
		805B1EB2261169A4008ABBB8 /* Products */ = {
			isa = PBXGroup;
			children = (
				805B1EB1261169A4008ABBB8 /* SimonSays.app */,
			);
			name = Products;
			sourceTree = "<group>";
		};
		805B1EB3261169A4008ABBB8 /* SimonSays */ = {
			isa = PBXGroup;
			children = (
				805B1ED5261265AB008ABBB8 /* Model */,
				805B1EDC26126617008ABBB8 /* View */,
				805B1ED226126591008ABBB8 /* Controller */,
				805B1ED32612659B008ABBB8 /* Extensions */,
				805B1ED6261265B7008ABBB8 /* Etc */,
				805B1EBD261169A8008ABBB8 /* Assets.xcassets */,
				805B1EC2261169A8008ABBB8 /* Info.plist */,
			);
			path = SimonSays;
			sourceTree = "<group>";
		};
		805B1ED226126591008ABBB8 /* Controller */ = {
			isa = PBXGroup;
			children = (
				805B1EB8261169A4008ABBB8 /* ViewController.swift */,
			);
			path = Controller;
			sourceTree = "<group>";
		};
		805B1ED32612659B008ABBB8 /* Extensions */ = {
			isa = PBXGroup;
			children = (
				805B1ECF26126577008ABBB8 /* Extensions.swift */,
			);
			path = Extensions;
			sourceTree = "<group>";
		};
		805B1ED5261265AB008ABBB8 /* Model */ = {
			isa = PBXGroup;
			children = (
				805B1EC926126356008ABBB8 /* SimonSays.swift */,
				805B1ECC26126364008ABBB8 /* Button.swift */,
			);
			path = Model;
			sourceTree = "<group>";
		};
		805B1ED6261265B7008ABBB8 /* Etc */ = {
			isa = PBXGroup;
			children = (
				805B1EBF261169A8008ABBB8 /* LaunchScreen.storyboard */,
				805B1EBA261169A4008ABBB8 /* Main.storyboard */,
				805B1EB4261169A4008ABBB8 /* AppDelegate.swift */,
				805B1EB6261169A4008ABBB8 /* SceneDelegate.swift */,
			);
			path = Etc;
			sourceTree = "<group>";
		};
		805B1EDC26126617008ABBB8 /* View */ = {
			isa = PBXGroup;
			children = (
				805B1ED926126610008ABBB8 /* GameView.swift */,
			);
			path = View;
			sourceTree = "<group>";
		};
/* End PBXGroup section */

/* Begin PBXNativeTarget section */
		805B1EB0261169A4008ABBB8 /* SimonSays */ = {
			isa = PBXNativeTarget;
			buildConfigurationList = 805B1EC5261169A8008ABBB8 /* Build configuration list for PBXNativeTarget "SimonSays" */;
			buildPhases = (
				805B1EAD261169A4008ABBB8 /* Sources */,
				805B1EAE261169A4008ABBB8 /* Frameworks */,
				805B1EAF261169A4008ABBB8 /* Resources */,
			);
			buildRules = (
			);
			dependencies = (
			);
			name = SimonSays;
			productName = SimonSays;
			productReference = 805B1EB1261169A4008ABBB8 /* SimonSays.app */;
			productType = "com.apple.product-type.application";
		};
/* End PBXNativeTarget section */

/* Begin PBXProject section */
		805B1EA9261169A4008ABBB8 /* Project object */ = {
			isa = PBXProject;
			attributes = {
				LastSwiftUpdateCheck = 1240;
				LastUpgradeCheck = 1240;
				TargetAttributes = {
					805B1EB0261169A4008ABBB8 = {
						CreatedOnToolsVersion = 12.4;
					};
				};
			};
			buildConfigurationList = 805B1EAC261169A4008ABBB8 /* Build configuration list for PBXProject "SimonSays" */;
			compatibilityVersion = "Xcode 9.3";
			developmentRegion = en;
			hasScannedForEncodings = 0;
			knownRegions = (
				en,
				Base,
			);
			mainGroup = 805B1EA8261169A4008ABBB8;
			productRefGroup = 805B1EB2261169A4008ABBB8 /* Products */;
			projectDirPath = "";
			projectRoot = "";
			targets = (
				805B1EB0261169A4008ABBB8 /* SimonSays */,
			);
		};
/* End PBXProject section */

/* Begin PBXResourcesBuildPhase section */
		805B1EAF261169A4008ABBB8 /* Resources */ = {
			isa = PBXResourcesBuildPhase;
			buildActionMask = 2147483647;
			files = (
				805B1EC1261169A8008ABBB8 /* LaunchScreen.storyboard in Resources */,
				805B1EBE261169A8008ABBB8 /* Assets.xcassets in Resources */,
				805B1EBC261169A4008ABBB8 /* Main.storyboard in Resources */,
			);
			runOnlyForDeploymentPostprocessing = 0;
		};
/* End PBXResourcesBuildPhase section */

/* Begin PBXSourcesBuildPhase section */
		805B1EAD261169A4008ABBB8 /* Sources */ = {
			isa = PBXSourcesBuildPhase;
			buildActionMask = 2147483647;
			files = (
				805B1ECD26126364008ABBB8 /* Button.swift in Sources */,
				805B1ED026126577008ABBB8 /* Extensions.swift in Sources */,
				805B1ECA26126356008ABBB8 /* SimonSays.swift in Sources */,
				805B1EB9261169A4008ABBB8 /* ViewController.swift in Sources */,
				805B1EB5261169A4008ABBB8 /* AppDelegate.swift in Sources */,
				805B1EB7261169A4008ABBB8 /* SceneDelegate.swift in Sources */,
				805B1EDA26126610008ABBB8 /* GameView.swift in Sources */,
			);
			runOnlyForDeploymentPostprocessing = 0;
		};
/* End PBXSourcesBuildPhase section */

/* Begin PBXVariantGroup section */
		805B1EBA261169A4008ABBB8 /* Main.storyboard */ = {
			isa = PBXVariantGroup;
			children = (
				805B1EBB261169A4008ABBB8 /* Base */,
			);
			name = Main.storyboard;
			sourceTree = "<group>";
		};
		805B1EBF261169A8008ABBB8 /* LaunchScreen.storyboard */ = {
			isa = PBXVariantGroup;
			children = (
				805B1EC0261169A8008ABBB8 /* Base */,
			);
			name = LaunchScreen.storyboard;
			sourceTree = "<group>";
		};
/* End PBXVariantGroup section */

/* Begin XCBuildConfiguration section */
		805B1EC3261169A8008ABBB8 /* Debug */ = {
			isa = XCBuildConfiguration;
			buildSettings = {
				ALWAYS_SEARCH_USER_PATHS = NO;
				CLANG_ANALYZER_NONNULL = YES;
				CLANG_ANALYZER_NUMBER_OBJECT_CONVERSION = YES_AGGRESSIVE;
				CLANG_CXX_LANGUAGE_STANDARD = "gnu++14";
				CLANG_CXX_LIBRARY = "libc++";
				CLANG_ENABLE_MODULES = YES;
				CLANG_ENABLE_OBJC_ARC = YES;
				CLANG_ENABLE_OBJC_WEAK = YES;
				CLANG_WARN_BLOCK_CAPTURE_AUTORELEASING = YES;
				CLANG_WARN_BOOL_CONVERSION = YES;
				CLANG_WARN_COMMA = YES;
				CLANG_WARN_CONSTANT_CONVERSION = YES;
				CLANG_WARN_DEPRECATED_OBJC_IMPLEMENTATIONS = YES;
				CLANG_WARN_DIRECT_OBJC_ISA_USAGE = YES_ERROR;
				CLANG_WARN_DOCUMENTATION_COMMENTS = YES;
				CLANG_WARN_EMPTY_BODY = YES;
				CLANG_WARN_ENUM_CONVERSION = YES;
				CLANG_WARN_INFINITE_RECURSION = YES;
				CLANG_WARN_INT_CONVERSION = YES;
				CLANG_WARN_NON_LITERAL_NULL_CONVERSION = YES;
				CLANG_WARN_OBJC_IMPLICIT_RETAIN_SELF = YES;
				CLANG_WARN_OBJC_LITERAL_CONVERSION = YES;
				CLANG_WARN_OBJC_ROOT_CLASS = YES_ERROR;
				CLANG_WARN_QUOTED_INCLUDE_IN_FRAMEWORK_HEADER = YES;
				CLANG_WARN_RANGE_LOOP_ANALYSIS = YES;
				CLANG_WARN_STRICT_PROTOTYPES = YES;
				CLANG_WARN_SUSPICIOUS_MOVE = YES;
				CLANG_WARN_UNGUARDED_AVAILABILITY = YES_AGGRESSIVE;
				CLANG_WARN_UNREACHABLE_CODE = YES;
				CLANG_WARN__DUPLICATE_METHOD_MATCH = YES;
				COPY_PHASE_STRIP = NO;
				DEBUG_INFORMATION_FORMAT = dwarf;
				ENABLE_STRICT_OBJC_MSGSEND = YES;
				ENABLE_TESTABILITY = YES;
				GCC_C_LANGUAGE_STANDARD = gnu11;
				GCC_DYNAMIC_NO_PIC = NO;
				GCC_NO_COMMON_BLOCKS = YES;
				GCC_OPTIMIZATION_LEVEL = 0;
				GCC_PREPROCESSOR_DEFINITIONS = (
					"DEBUG=1",
					"$(inherited)",
				);
				GCC_WARN_64_TO_32_BIT_CONVERSION = YES;
				GCC_WARN_ABOUT_RETURN_TYPE = YES_ERROR;
				GCC_WARN_UNDECLARED_SELECTOR = YES;
				GCC_WARN_UNINITIALIZED_AUTOS = YES_AGGRESSIVE;
				GCC_WARN_UNUSED_FUNCTION = YES;
				GCC_WARN_UNUSED_VARIABLE = YES;
				IPHONEOS_DEPLOYMENT_TARGET = 14.4;
				MTL_ENABLE_DEBUG_INFO = INCLUDE_SOURCE;
				MTL_FAST_MATH = YES;
				ONLY_ACTIVE_ARCH = YES;
				SDKROOT = iphoneos;
				SWIFT_ACTIVE_COMPILATION_CONDITIONS = DEBUG;
				SWIFT_OPTIMIZATION_LEVEL = "-Onone";
			};
			name = Debug;
		};
		805B1EC4261169A8008ABBB8 /* Release */ = {
			isa = XCBuildConfiguration;
			buildSettings = {
				ALWAYS_SEARCH_USER_PATHS = NO;
				CLANG_ANALYZER_NONNULL = YES;
				CLANG_ANALYZER_NUMBER_OBJECT_CONVERSION = YES_AGGRESSIVE;
				CLANG_CXX_LANGUAGE_STANDARD = "gnu++14";
				CLANG_CXX_LIBRARY = "libc++";
				CLANG_ENABLE_MODULES = YES;
				CLANG_ENABLE_OBJC_ARC = YES;
				CLANG_ENABLE_OBJC_WEAK = YES;
				CLANG_WARN_BLOCK_CAPTURE_AUTORELEASING = YES;
				CLANG_WARN_BOOL_CONVERSION = YES;
				CLANG_WARN_COMMA = YES;
				CLANG_WARN_CONSTANT_CONVERSION = YES;
				CLANG_WARN_DEPRECATED_OBJC_IMPLEMENTATIONS = YES;
				CLANG_WARN_DIRECT_OBJC_ISA_USAGE = YES_ERROR;
				CLANG_WARN_DOCUMENTATION_COMMENTS = YES;
				CLANG_WARN_EMPTY_BODY = YES;
				CLANG_WARN_ENUM_CONVERSION = YES;
				CLANG_WARN_INFINITE_RECURSION = YES;
				CLANG_WARN_INT_CONVERSION = YES;
				CLANG_WARN_NON_LITERAL_NULL_CONVERSION = YES;
				CLANG_WARN_OBJC_IMPLICIT_RETAIN_SELF = YES;
				CLANG_WARN_OBJC_LITERAL_CONVERSION = YES;
				CLANG_WARN_OBJC_ROOT_CLASS = YES_ERROR;
				CLANG_WARN_QUOTED_INCLUDE_IN_FRAMEWORK_HEADER = YES;
				CLANG_WARN_RANGE_LOOP_ANALYSIS = YES;
				CLANG_WARN_STRICT_PROTOTYPES = YES;
				CLANG_WARN_SUSPICIOUS_MOVE = YES;
				CLANG_WARN_UNGUARDED_AVAILABILITY = YES_AGGRESSIVE;
				CLANG_WARN_UNREACHABLE_CODE = YES;
				CLANG_WARN__DUPLICATE_METHOD_MATCH = YES;
				COPY_PHASE_STRIP = NO;
				DEBUG_INFORMATION_FORMAT = "dwarf-with-dsym";
				ENABLE_NS_ASSERTIONS = NO;
				ENABLE_STRICT_OBJC_MSGSEND = YES;
				GCC_C_LANGUAGE_STANDARD = gnu11;
				GCC_NO_COMMON_BLOCKS = YES;
				GCC_WARN_64_TO_32_BIT_CONVERSION = YES;
				GCC_WARN_ABOUT_RETURN_TYPE = YES_ERROR;
				GCC_WARN_UNDECLARED_SELECTOR = YES;
				GCC_WARN_UNINITIALIZED_AUTOS = YES_AGGRESSIVE;
				GCC_WARN_UNUSED_FUNCTION = YES;
				GCC_WARN_UNUSED_VARIABLE = YES;
				IPHONEOS_DEPLOYMENT_TARGET = 14.4;
				MTL_ENABLE_DEBUG_INFO = NO;
				MTL_FAST_MATH = YES;
				SDKROOT = iphoneos;
				SWIFT_COMPILATION_MODE = wholemodule;
				SWIFT_OPTIMIZATION_LEVEL = "-O";
				VALIDATE_PRODUCT = YES;
			};
			name = Release;
		};
		805B1EC6261169A8008ABBB8 /* Debug */ = {
			isa = XCBuildConfiguration;
			buildSettings = {
				ASSETCATALOG_COMPILER_APPICON_NAME = AppIcon;
				ASSETCATALOG_COMPILER_GLOBAL_ACCENT_COLOR_NAME = AccentColor;
				CODE_SIGN_STYLE = Automatic;
				DEVELOPMENT_TEAM = 3S8Y6C28BB;
				INFOPLIST_FILE = SimonSays/Info.plist;
				LD_RUNPATH_SEARCH_PATHS = (
					"$(inherited)",
					"@executable_path/Frameworks",
				);
				PRODUCT_BUNDLE_IDENTIFIER = co.rbezghin.SimonSays;
				PRODUCT_NAME = "$(TARGET_NAME)";
				SWIFT_VERSION = 5.0;
				TARGETED_DEVICE_FAMILY = "1,2";
			};
			name = Debug;
		};
		805B1EC7261169A8008ABBB8 /* Release */ = {
			isa = XCBuildConfiguration;
			buildSettings = {
				ASSETCATALOG_COMPILER_APPICON_NAME = AppIcon;
				ASSETCATALOG_COMPILER_GLOBAL_ACCENT_COLOR_NAME = AccentColor;
				CODE_SIGN_STYLE = Automatic;
				DEVELOPMENT_TEAM = 3S8Y6C28BB;
				INFOPLIST_FILE = SimonSays/Info.plist;
				LD_RUNPATH_SEARCH_PATHS = (
					"$(inherited)",
					"@executable_path/Frameworks",
				);
				PRODUCT_BUNDLE_IDENTIFIER = co.rbezghin.SimonSays;
				PRODUCT_NAME = "$(TARGET_NAME)";
				SWIFT_VERSION = 5.0;
				TARGETED_DEVICE_FAMILY = "1,2";
			};
			name = Release;
		};
/* End XCBuildConfiguration section */

/* Begin XCConfigurationList section */
		805B1EAC261169A4008ABBB8 /* Build configuration list for PBXProject "SimonSays" */ = {
			isa = XCConfigurationList;
			buildConfigurations = (
				805B1EC3261169A8008ABBB8 /* Debug */,
				805B1EC4261169A8008ABBB8 /* Release */,
			);
			defaultConfigurationIsVisible = 0;
			defaultConfigurationName = Release;
		};
		805B1EC5261169A8008ABBB8 /* Build configuration list for PBXNativeTarget "SimonSays" */ = {
			isa = XCConfigurationList;
			buildConfigurations = (
				805B1EC6261169A8008ABBB8 /* Debug */,
				805B1EC7261169A8008ABBB8 /* Release */,
			);
			defaultConfigurationIsVisible = 0;
			defaultConfigurationName = Release;
		};
/* End XCConfigurationList section */
	};
	rootObject = 805B1EA9261169A4008ABBB8 /* Project object */;
}
