PODS:
  - SDWebImage (5.10.0):
    - SDWebImage/Core (= 5.10.0)
  - SDWebImage/Core (5.10.0)

DEPENDENCIES:
  - SDWebImage

SPEC REPOS:
  trunk:
    - SDWebImage

SPEC CHECKSUMS:
  SDWebImage: 9169792e9eec3e45bba2a0c02f74bf8bd922d1ee

PODFILE CHECKSUM: 7201d87d999a9cfb1396b9481ab75f7a66c24860

COCOAPODS: 1.10.0
