// !$*UTF8*$!
{
	archiveVersion = 1;
	classes = {
	};
	objectVersion = 50;
	objects = {

/* Begin PBXBuildFile section */
		803A3D4A26291F64006B2824 /* CircleView.swift in Sources */ = {isa = PBXBuildFile; fileRef = 803A3D4926291F64006B2824 /* CircleView.swift */; };
		803A3D4D2629207D006B2824 /* MapView.swift in Sources */ = {isa = PBXBuildFile; fileRef = 803A3D4C2629207D006B2824 /* MapView.swift */; };
		803A3D5026293037006B2824 /* landmarkData.json in Resources */ = {isa = PBXBuildFile; fileRef = 803A3D4F26293037006B2824 /* landmarkData.json */; };
		803A3D532629304D006B2824 /* Landmark.swift in Sources */ = {isa = PBXBuildFile; fileRef = 803A3D522629304D006B2824 /* Landmark.swift */; };
		803A3D562629323F006B2824 /* ModelData.swift in Sources */ = {isa = PBXBuildFile; fileRef = 803A3D552629323F006B2824 /* ModelData.swift */; };
		806D95A02626609D0083005B /* SwiftUITutorialApp.swift in Sources */ = {isa = PBXBuildFile; fileRef = 806D959F2626609D0083005B /* SwiftUITutorialApp.swift */; };
		806D95A22626609D0083005B /* ContentView.swift in Sources */ = {isa = PBXBuildFile; fileRef = 806D95A12626609D0083005B /* ContentView.swift */; };
		806D95A42626609E0083005B /* Assets.xcassets in Resources */ = {isa = PBXBuildFile; fileRef = 806D95A32626609E0083005B /* Assets.xcassets */; };
		806D95A72626609E0083005B /* Preview Assets.xcassets in Resources */ = {isa = PBXBuildFile; fileRef = 806D95A62626609E0083005B /* Preview Assets.xcassets */; };
		8078637926293C1D003E22A3 /* LandmarkRow.swift in Sources */ = {isa = PBXBuildFile; fileRef = 8078637826293C1D003E22A3 /* LandmarkRow.swift */; };
		80786380262942BA003E22A3 /* LandmarkList.swift in Sources */ = {isa = PBXBuildFile; fileRef = 8078637F262942BA003E22A3 /* LandmarkList.swift */; };
		807863842629447B003E22A3 /* LandmarkDetail.swift in Sources */ = {isa = PBXBuildFile; fileRef = 807863832629447B003E22A3 /* LandmarkDetail.swift */; };
/* End PBXBuildFile section */

/* Begin PBXFileReference section */
		803A3D4926291F64006B2824 /* CircleView.swift */ = {isa = PBXFileReference; lastKnownFileType = sourcecode.swift; path = CircleView.swift; sourceTree = "<group>"; };
		803A3D4C2629207D006B2824 /* MapView.swift */ = {isa = PBXFileReference; lastKnownFileType = sourcecode.swift; path = MapView.swift; sourceTree = "<group>"; };
		803A3D4F26293037006B2824 /* landmarkData.json */ = {isa = PBXFileReference; fileEncoding = 4; lastKnownFileType = text.json; path = landmarkData.json; sourceTree = "<group>"; };
		803A3D522629304D006B2824 /* Landmark.swift */ = {isa = PBXFileReference; lastKnownFileType = sourcecode.swift; path = Landmark.swift; sourceTree = "<group>"; };
		803A3D552629323F006B2824 /* ModelData.swift */ = {isa = PBXFileReference; lastKnownFileType = sourcecode.swift; path = ModelData.swift; sourceTree = "<group>"; };
		806D959C2626609D0083005B /* SwiftUITutorial.app */ = {isa = PBXFileReference; explicitFileType = wrapper.application; includeInIndex = 0; path = SwiftUITutorial.app; sourceTree = BUILT_PRODUCTS_DIR; };
		806D959F2626609D0083005B /* SwiftUITutorialApp.swift */ = {isa = PBXFileReference; lastKnownFileType = sourcecode.swift; path = SwiftUITutorialApp.swift; sourceTree = "<group>"; };
		806D95A12626609D0083005B /* ContentView.swift */ = {isa = PBXFileReference; lastKnownFileType = sourcecode.swift; path = ContentView.swift; sourceTree = "<group>"; };
		806D95A32626609E0083005B /* Assets.xcassets */ = {isa = PBXFileReference; lastKnownFileType = folder.assetcatalog; path = Assets.xcassets; sourceTree = "<group>"; };
		806D95A62626609E0083005B /* Preview Assets.xcassets */ = {isa = PBXFileReference; lastKnownFileType = folder.assetcatalog; path = "Preview Assets.xcassets"; sourceTree = "<group>"; };
		806D95A82626609E0083005B /* Info.plist */ = {isa = PBXFileReference; lastKnownFileType = text.plist.xml; path = Info.plist; sourceTree = "<group>"; };
		8078637826293C1D003E22A3 /* LandmarkRow.swift */ = {isa = PBXFileReference; lastKnownFileType = sourcecode.swift; path = LandmarkRow.swift; sourceTree = "<group>"; };
		8078637F262942BA003E22A3 /* LandmarkList.swift */ = {isa = PBXFileReference; lastKnownFileType = sourcecode.swift; path = LandmarkList.swift; sourceTree = "<group>"; };
		807863832629447B003E22A3 /* LandmarkDetail.swift */ = {isa = PBXFileReference; lastKnownFileType = sourcecode.swift; path = LandmarkDetail.swift; sourceTree = "<group>"; };
/* End PBXFileReference section */

/* Begin PBXFrameworksBuildPhase section */
		806D95992626609D0083005B /* Frameworks */ = {
			isa = PBXFrameworksBuildPhase;
			buildActionMask = 2147483647;
			files = (
			);
			runOnlyForDeploymentPostprocessing = 0;
		};
/* End PBXFrameworksBuildPhase section */

/* Begin PBXGroup section */
		803A3D582629338C006B2824 /* Views */ = {
			isa = PBXGroup;
			children = (
				806D95A12626609D0083005B /* ContentView.swift */,
				803A3D4926291F64006B2824 /* CircleView.swift */,
				8078637826293C1D003E22A3 /* LandmarkRow.swift */,
				8078637F262942BA003E22A3 /* LandmarkList.swift */,
				807863832629447B003E22A3 /* LandmarkDetail.swift */,
				803A3D4C2629207D006B2824 /* MapView.swift */,
			);
			path = Views;
			sourceTree = "<group>";
		};
		803A3D5A2629339A006B2824 /* Model */ = {
			isa = PBXGroup;
			children = (
				803A3D522629304D006B2824 /* Landmark.swift */,
				803A3D552629323F006B2824 /* ModelData.swift */,
			);
			path = Model;
			sourceTree = "<group>";
		};
		803A3D5C262933AC006B2824 /* Resources */ = {
			isa = PBXGroup;
			children = (
				803A3D4F26293037006B2824 /* landmarkData.json */,
			);
			path = Resources;
			sourceTree = "<group>";
		};
		806D95932626609D0083005B = {
			isa = PBXGroup;
			children = (
				806D959E2626609D0083005B /* SwiftUITutorial */,
				806D959D2626609D0083005B /* Products */,
			);
			sourceTree = "<group>";
		};
		806D959D2626609D0083005B /* Products */ = {
			isa = PBXGroup;
			children = (
				806D959C2626609D0083005B /* SwiftUITutorial.app */,
			);
			name = Products;
			sourceTree = "<group>";
		};
		806D959E2626609D0083005B /* SwiftUITutorial */ = {
			isa = PBXGroup;
			children = (
				806D959F2626609D0083005B /* SwiftUITutorialApp.swift */,
				803A3D582629338C006B2824 /* Views */,
				803A3D5C262933AC006B2824 /* Resources */,
				803A3D5A2629339A006B2824 /* Model */,
				806D95A32626609E0083005B /* Assets.xcassets */,
				806D95A82626609E0083005B /* Info.plist */,
				806D95A52626609E0083005B /* Preview Content */,
			);
			path = SwiftUITutorial;
			sourceTree = "<group>";
		};
		806D95A52626609E0083005B /* Preview Content */ = {
			isa = PBXGroup;
			children = (
				806D95A62626609E0083005B /* Preview Assets.xcassets */,
			);
			path = "Preview Content";
			sourceTree = "<group>";
		};
/* End PBXGroup section */

/* Begin PBXNativeTarget section */
		806D959B2626609D0083005B /* SwiftUITutorial */ = {
			isa = PBXNativeTarget;
			buildConfigurationList = 806D95AB2626609E0083005B /* Build configuration list for PBXNativeTarget "SwiftUITutorial" */;
			buildPhases = (
				806D95982626609D0083005B /* Sources */,
				806D95992626609D0083005B /* Frameworks */,
				806D959A2626609D0083005B /* Resources */,
			);
			buildRules = (
			);
			dependencies = (
			);
			name = SwiftUITutorial;
			productName = SwiftUITutorial;
			productReference = 806D959C2626609D0083005B /* SwiftUITutorial.app */;
			productType = "com.apple.product-type.application";
		};
/* End PBXNativeTarget section */

/* Begin PBXProject section */
		806D95942626609D0083005B /* Project object */ = {
			isa = PBXProject;
			attributes = {
				LastSwiftUpdateCheck = 1240;
				LastUpgradeCheck = 1240;
				TargetAttributes = {
					806D959B2626609D0083005B = {
						CreatedOnToolsVersion = 12.4;
					};
				};
			};
			buildConfigurationList = 806D95972626609D0083005B /* Build configuration list for PBXProject "SwiftUITutorial" */;
			compatibilityVersion = "Xcode 9.3";
			developmentRegion = en;
			hasScannedForEncodings = 0;
			knownRegions = (
				en,
				Base,
			);
			mainGroup = 806D95932626609D0083005B;
			productRefGroup = 806D959D2626609D0083005B /* Products */;
			projectDirPath = "";
			projectRoot = "";
			targets = (
				806D959B2626609D0083005B /* SwiftUITutorial */,
			);
		};
/* End PBXProject section */

/* Begin PBXResourcesBuildPhase section */
		806D959A2626609D0083005B /* Resources */ = {
			isa = PBXResourcesBuildPhase;
			buildActionMask = 2147483647;
			files = (
				806D95A72626609E0083005B /* Preview Assets.xcassets in Resources */,
				806D95A42626609E0083005B /* Assets.xcassets in Resources */,
				803A3D5026293037006B2824 /* landmarkData.json in Resources */,
			);
			runOnlyForDeploymentPostprocessing = 0;
		};
/* End PBXResourcesBuildPhase section */

/* Begin PBXSourcesBuildPhase section */
		806D95982626609D0083005B /* Sources */ = {
			isa = PBXSourcesBuildPhase;
			buildActionMask = 2147483647;
			files = (
				803A3D4A26291F64006B2824 /* CircleView.swift in Sources */,
				803A3D4D2629207D006B2824 /* MapView.swift in Sources */,
				806D95A22626609D0083005B /* ContentView.swift in Sources */,
				80786380262942BA003E22A3 /* LandmarkList.swift in Sources */,
				807863842629447B003E22A3 /* LandmarkDetail.swift in Sources */,
				806D95A02626609D0083005B /* SwiftUITutorialApp.swift in Sources */,
				8078637926293C1D003E22A3 /* LandmarkRow.swift in Sources */,
				803A3D532629304D006B2824 /* Landmark.swift in Sources */,
				803A3D562629323F006B2824 /* ModelData.swift in Sources */,
			);
			runOnlyForDeploymentPostprocessing = 0;
		};
/* End PBXSourcesBuildPhase section */

/* Begin XCBuildConfiguration section */
		806D95A92626609E0083005B /* Debug */ = {
			isa = XCBuildConfiguration;
			buildSettings = {
				ALWAYS_SEARCH_USER_PATHS = NO;
				CLANG_ANALYZER_NONNULL = YES;
				CLANG_ANALYZER_NUMBER_OBJECT_CONVERSION = YES_AGGRESSIVE;
				CLANG_CXX_LANGUAGE_STANDARD = "gnu++14";
				CLANG_CXX_LIBRARY = "libc++";
				CLANG_ENABLE_MODULES = YES;
				CLANG_ENABLE_OBJC_ARC = YES;
				CLANG_ENABLE_OBJC_WEAK = YES;
				CLANG_WARN_BLOCK_CAPTURE_AUTORELEASING = YES;
				CLANG_WARN_BOOL_CONVERSION = YES;
				CLANG_WARN_COMMA = YES;
				CLANG_WARN_CONSTANT_CONVERSION = YES;
				CLANG_WARN_DEPRECATED_OBJC_IMPLEMENTATIONS = YES;
				CLANG_WARN_DIRECT_OBJC_ISA_USAGE = YES_ERROR;
				CLANG_WARN_DOCUMENTATION_COMMENTS = YES;
				CLANG_WARN_EMPTY_BODY = YES;
				CLANG_WARN_ENUM_CONVERSION = YES;
				CLANG_WARN_INFINITE_RECURSION = YES;
				CLANG_WARN_INT_CONVERSION = YES;
				CLANG_WARN_NON_LITERAL_NULL_CONVERSION = YES;
				CLANG_WARN_OBJC_IMPLICIT_RETAIN_SELF = YES;
				CLANG_WARN_OBJC_LITERAL_CONVERSION = YES;
				CLANG_WARN_OBJC_ROOT_CLASS = YES_ERROR;
				CLANG_WARN_QUOTED_INCLUDE_IN_FRAMEWORK_HEADER = YES;
				CLANG_WARN_RANGE_LOOP_ANALYSIS = YES;
				CLANG_WARN_STRICT_PROTOTYPES = YES;
				CLANG_WARN_SUSPICIOUS_MOVE = YES;
				CLANG_WARN_UNGUARDED_AVAILABILITY = YES_AGGRESSIVE;
				CLANG_WARN_UNREACHABLE_CODE = YES;
				CLANG_WARN__DUPLICATE_METHOD_MATCH = YES;
				COPY_PHASE_STRIP = NO;
				DEBUG_INFORMATION_FORMAT = dwarf;
				ENABLE_STRICT_OBJC_MSGSEND = YES;
				ENABLE_TESTABILITY = YES;
				GCC_C_LANGUAGE_STANDARD = gnu11;
				GCC_DYNAMIC_NO_PIC = NO;
				GCC_NO_COMMON_BLOCKS = YES;
				GCC_OPTIMIZATION_LEVEL = 0;
				GCC_PREPROCESSOR_DEFINITIONS = (
					"DEBUG=1",
					"$(inherited)",
				);
				GCC_WARN_64_TO_32_BIT_CONVERSION = YES;
				GCC_WARN_ABOUT_RETURN_TYPE = YES_ERROR;
				GCC_WARN_UNDECLARED_SELECTOR = YES;
				GCC_WARN_UNINITIALIZED_AUTOS = YES_AGGRESSIVE;
				GCC_WARN_UNUSED_FUNCTION = YES;
				GCC_WARN_UNUSED_VARIABLE = YES;
				IPHONEOS_DEPLOYMENT_TARGET = 14.4;
				MTL_ENABLE_DEBUG_INFO = INCLUDE_SOURCE;
				MTL_FAST_MATH = YES;
				ONLY_ACTIVE_ARCH = YES;
				SDKROOT = iphoneos;
				SWIFT_ACTIVE_COMPILATION_CONDITIONS = DEBUG;
				SWIFT_OPTIMIZATION_LEVEL = "-Onone";
			};
			name = Debug;
		};
		806D95AA2626609E0083005B /* Release */ = {
			isa = XCBuildConfiguration;
			buildSettings = {
				ALWAYS_SEARCH_USER_PATHS = NO;
				CLANG_ANALYZER_NONNULL = YES;
				CLANG_ANALYZER_NUMBER_OBJECT_CONVERSION = YES_AGGRESSIVE;
				CLANG_CXX_LANGUAGE_STANDARD = "gnu++14";
				CLANG_CXX_LIBRARY = "libc++";
				CLANG_ENABLE_MODULES = YES;
				CLANG_ENABLE_OBJC_ARC = YES;
				CLANG_ENABLE_OBJC_WEAK = YES;
				CLANG_WARN_BLOCK_CAPTURE_AUTORELEASING = YES;
				CLANG_WARN_BOOL_CONVERSION = YES;
				CLANG_WARN_COMMA = YES;
				CLANG_WARN_CONSTANT_CONVERSION = YES;
				CLANG_WARN_DEPRECATED_OBJC_IMPLEMENTATIONS = YES;
				CLANG_WARN_DIRECT_OBJC_ISA_USAGE = YES_ERROR;
				CLANG_WARN_DOCUMENTATION_COMMENTS = YES;
				CLANG_WARN_EMPTY_BODY = YES;
				CLANG_WARN_ENUM_CONVERSION = YES;
				CLANG_WARN_INFINITE_RECURSION = YES;
				CLANG_WARN_INT_CONVERSION = YES;
				CLANG_WARN_NON_LITERAL_NULL_CONVERSION = YES;
				CLANG_WARN_OBJC_IMPLICIT_RETAIN_SELF = YES;
				CLANG_WARN_OBJC_LITERAL_CONVERSION = YES;
				CLANG_WARN_OBJC_ROOT_CLASS = YES_ERROR;
				CLANG_WARN_QUOTED_INCLUDE_IN_FRAMEWORK_HEADER = YES;
				CLANG_WARN_RANGE_LOOP_ANALYSIS = YES;
				CLANG_WARN_STRICT_PROTOTYPES = YES;
				CLANG_WARN_SUSPICIOUS_MOVE = YES;
				CLANG_WARN_UNGUARDED_AVAILABILITY = YES_AGGRESSIVE;
				CLANG_WARN_UNREACHABLE_CODE = YES;
				CLANG_WARN__DUPLICATE_METHOD_MATCH = YES;
				COPY_PHASE_STRIP = NO;
				DEBUG_INFORMATION_FORMAT = "dwarf-with-dsym";
				ENABLE_NS_ASSERTIONS = NO;
				ENABLE_STRICT_OBJC_MSGSEND = YES;
				GCC_C_LANGUAGE_STANDARD = gnu11;
				GCC_NO_COMMON_BLOCKS = YES;
				GCC_WARN_64_TO_32_BIT_CONVERSION = YES;
				GCC_WARN_ABOUT_RETURN_TYPE = YES_ERROR;
				GCC_WARN_UNDECLARED_SELECTOR = YES;
				GCC_WARN_UNINITIALIZED_AUTOS = YES_AGGRESSIVE;
				GCC_WARN_UNUSED_FUNCTION = YES;
				GCC_WARN_UNUSED_VARIABLE = YES;
				IPHONEOS_DEPLOYMENT_TARGET = 14.4;
				MTL_ENABLE_DEBUG_INFO = NO;
				MTL_FAST_MATH = YES;
				SDKROOT = iphoneos;
				SWIFT_COMPILATION_MODE = wholemodule;
				SWIFT_OPTIMIZATION_LEVEL = "-O";
				VALIDATE_PRODUCT = YES;
			};
			name = Release;
		};
		806D95AC2626609E0083005B /* Debug */ = {
			isa = XCBuildConfiguration;
			buildSettings = {
				ASSETCATALOG_COMPILER_APPICON_NAME = AppIcon;
				ASSETCATALOG_COMPILER_GLOBAL_ACCENT_COLOR_NAME = AccentColor;
				CODE_SIGN_STYLE = Automatic;
				DEVELOPMENT_ASSET_PATHS = "\"SwiftUITutorial/Preview Content\"";
				DEVELOPMENT_TEAM = 3S8Y6C28BB;
				ENABLE_PREVIEWS = YES;
				INFOPLIST_FILE = SwiftUITutorial/Info.plist;
				IPHONEOS_DEPLOYMENT_TARGET = 14.0;
				LD_RUNPATH_SEARCH_PATHS = (
					"$(inherited)",
					"@executable_path/Frameworks",
				);
				PRODUCT_BUNDLE_IDENTIFIER = co.rbezghin.SwiftUITutorial;
				PRODUCT_NAME = "$(TARGET_NAME)";
				SWIFT_VERSION = 5.0;
				TARGETED_DEVICE_FAMILY = "1,2";
			};
			name = Debug;
		};
		806D95AD2626609E0083005B /* Release */ = {
			isa = XCBuildConfiguration;
			buildSettings = {
				ASSETCATALOG_COMPILER_APPICON_NAME = AppIcon;
				ASSETCATALOG_COMPILER_GLOBAL_ACCENT_COLOR_NAME = AccentColor;
				CODE_SIGN_STYLE = Automatic;
				DEVELOPMENT_ASSET_PATHS = "\"SwiftUITutorial/Preview Content\"";
				DEVELOPMENT_TEAM = 3S8Y6C28BB;
				ENABLE_PREVIEWS = YES;
				INFOPLIST_FILE = SwiftUITutorial/Info.plist;
				IPHONEOS_DEPLOYMENT_TARGET = 14.0;
				LD_RUNPATH_SEARCH_PATHS = (
					"$(inherited)",
					"@executable_path/Frameworks",
				);
				PRODUCT_BUNDLE_IDENTIFIER = co.rbezghin.SwiftUITutorial;
				PRODUCT_NAME = "$(TARGET_NAME)";
				SWIFT_VERSION = 5.0;
				TARGETED_DEVICE_FAMILY = "1,2";
			};
			name = Release;
		};
/* End XCBuildConfiguration section */

/* Begin XCConfigurationList section */
		806D95972626609D0083005B /* Build configuration list for PBXProject "SwiftUITutorial" */ = {
			isa = XCConfigurationList;
			buildConfigurations = (
				806D95A92626609E0083005B /* Debug */,
				806D95AA2626609E0083005B /* Release */,
			);
			defaultConfigurationIsVisible = 0;
			defaultConfigurationName = Release;
		};
		806D95AB2626609E0083005B /* Build configuration list for PBXNativeTarget "SwiftUITutorial" */ = {
			isa = XCConfigurationList;
			buildConfigurations = (
				806D95AC2626609E0083005B /* Debug */,
				806D95AD2626609E0083005B /* Release */,
			);
			defaultConfigurationIsVisible = 0;
			defaultConfigurationName = Release;
		};
/* End XCConfigurationList section */
	};
	rootObject = 806D95942626609D0083005B /* Project object */;
}
